
Microsoft Visual Studio Solution File, Format Version 12.00
# Visual Studio Version 16
VisualStudioVersion = 16.0.809.1
MinimumVisualStudioVersion = 10.0.40219.1
Project("{FAE04EC0-301F-11D3-BF4B-00C04F79EFBC}") = "shvang", "shvang\shvang.csproj", "{4515EDA7-7C78-4401-AB30-87C12AF580AA}"
EndProject
Global
	GlobalSection(SolutionConfigurationPlatforms) = preSolution
		Debug|Any CPU = Debug|Any CPU
		Release|Any CPU = Release|Any CPU
	EndGlobalSection
	GlobalSection(ProjectConfigurationPlatforms) = postSolution
		{4515EDA7-7C78-4401-AB30-87C12AF580AA}.Debug|Any CPU.ActiveCfg = Debug|Any CPU
		{4515EDA7-7C78-4401-AB30-87C12AF580AA}.Debug|Any CPU.Build.0 = Debug|Any CPU
		{4515EDA7-7C78-4401-AB30-87C12AF580AA}.Release|Any CPU.ActiveCfg = Release|Any CPU
		{4515EDA7-7C78-4401-AB30-87C12AF580AA}.Release|Any CPU.Build.0 = Release|Any CPU
	EndGlobalSection
	GlobalSection(SolutionProperties) = preSolution
		HideSolutionNode = FALSE
	EndGlobalSection
	GlobalSection(ExtensibilityGlobals) = postSolution
		SolutionGuid = {D6EBA192-F1EF-4279-923D-2494688D8C1A}
	EndGlobalSection
EndGlobal
